
Microsoft Visual Studio Solution File, Format Version 12.00
# Visual Studio Version 17
VisualStudioVersion = 17.2.32616.157
MinimumVisualStudioVersion = 10.0.40219.1
Project("{FAE04EC0-301F-11D3-BF4B-00C04F79EFBC}") = "LaptopManagement", "LaptopManagement\LaptopManagement.csproj", "{A5833586-0B73-4135-B23F-A1A833917099}"
EndProject
Global
	GlobalSection(SolutionConfigurationPlatforms) = preSolution
		Debug|Any CPU = Debug|Any CPU
		Release|Any CPU = Release|Any CPU
	EndGlobalSection
	GlobalSection(ProjectConfigurationPlatforms) = postSolution
		{A5833586-0B73-4135-B23F-A1A833917099}.Debug|Any CPU.ActiveCfg = Debug|Any CPU
		{A5833586-0B73-4135-B23F-A1A833917099}.Debug|Any CPU.Build.0 = Debug|Any CPU
		{A5833586-0B73-4135-B23F-A1A833917099}.Release|Any CPU.ActiveCfg = Release|Any CPU
		{A5833586-0B73-4135-B23F-A1A833917099}.Release|Any CPU.Build.0 = Release|Any CPU
	EndGlobalSection
	GlobalSection(SolutionProperties) = preSolution
		HideSolutionNode = FALSE
	EndGlobalSection
	GlobalSection(ExtensibilityGlobals) = postSolution
		SolutionGuid = {56A28F50-E8F4-4CC3-9263-4C789DD3F8F7}
	EndGlobalSection
EndGlobal
